# This file was autogenerated by uv via the following command:
#    uv pip compile requirements.txt -o requirements.lock
alabaster==1.0.0
    # via sphinx
astroid==4.3.3
    # via pylint
attrs==26.1.0
    # via
    #   outcome
    #   trio
babel==2.18.0
    # via sphinx
beautifulsoup4==4.15.0
    # via -r requirements.txt
blinker==1.9.0
    # via flask
certifi==2026.7.22
    # via
    #   requests
    #   selenium
charset-normalizer==3.5.2
    # via requests
click==8.5.0
    # via flask
coverage==7.16.2
    # via pytest-cov
dill==0.4.1
    # via pylint
docutils==0.22.4
    # via
    #   sphinx
    #   sphinx-rtd-theme
flask==3.1.3
    # via -r requirements.txt
h11==0.16.0
    # via wsproto
idna==3.20
    # via
    #   requests
    #   trio
imagesize==2.0.1
    # via sphinx
iniconfig==2.3.0
    # via pytest
isort==9.0.2
    # via pylint
itsdangerous==2.2.0
    # via flask
jinja2==3.1.6
    # via
    #   flask
    #   sphinx
markupsafe==3.0.4
    # via
    #   flask
    #   jinja2
    #   werkzeug
mccabe==0.7.0
    # via pylint
mypy-extensions==1.1.0
    # via isort
outcome==1.3.0.post0
    # via
    #   trio
    #   trio-websocket
packaging==26.3
    # via
    #   pytest
    #   sphinx
platformdirs==4.12.3
    # via pylint
pluggy==1.6.0
    # via
    #   pytest
    #   pytest-cov
psycopg==3.3.6
    # via -r requirements.txt
psycopg-binary==3.3.6
    # via psycopg
pydeps==3.0.9
    # via -r requirements.txt
pygments==2.21.0
    # via
    #   pytest
    #   sphinx
pylint==4.1.2
    # via -r requirements.txt
pysocks==1.7.1
    # via urllib3
pytest==9.1.1
    # via
    #   -r requirements.txt
    #   pytest-cov
pytest-cov==7.1.0
    # via -r requirements.txt
requests==2.34.2
    # via sphinx
roman-numerals==4.1.0
    # via sphinx
selenium==4.50.0
    # via -r requirements.txt
sniffio==1.3.1
    # via trio
snowballstemmer==3.1.1
    # via sphinx
sortedcontainers==2.4.0
    # via trio
soupsieve==2.10
    # via beautifulsoup4
sphinx==9.1.0
    # via
    #   -r requirements.txt
    #   sphinx-rtd-theme
    #   sphinxcontrib-jquery
sphinx-rtd-theme==3.1.0
    # via -r requirements.txt
sphinxcontrib-applehelp==2.0.0
    # via sphinx
sphinxcontrib-devhelp==2.0.0
    # via sphinx
sphinxcontrib-htmlhelp==2.1.0
    # via sphinx
sphinxcontrib-jquery==4.1
    # via sphinx-rtd-theme
sphinxcontrib-jsmath==1.0.1
    # via sphinx
sphinxcontrib-qthelp==2.0.0
    # via sphinx
sphinxcontrib-serializinghtml==2.0.0
    # via sphinx
sqlalchemy==2.1.3
    # via -r requirements.txt
stdlib-list==0.12.0
    # via pydeps
tomlkit==0.15.1
    # via pylint
trio==0.34.0
    # via
    #   selenium
    #   trio-websocket
trio-websocket==0.12.2
    # via selenium
typing-extensions==4.16.0
    # via
    #   beautifulsoup4
    #   selenium
    #   sqlalchemy
urllib3==2.8.0
    # via
    #   requests
    #   selenium
websocket-client==1.9.2
    # via selenium
werkzeug==3.1.9
    # via flask
wsproto==1.3.2
    # via trio-websocket
